{
	"name": "obsidian-omnivore",
	"version": "1.0.0",
	"lockfileVersion": 1,
	"requires": true,
	"dependencies": {
		"@nodelib/fs.scandir": {
			"version": "2.1.5",
			"resolved": "https://registry.npmjs.org/@nodelib/fs.scandir/-/fs.scandir-2.1.5.tgz",
			"integrity": "sha512-vq24Bq3ym5HEQm2NKCr3yXDwjc7vTsEThRDnkp2DK9p1uqLR+DHurm/NOTo0KG7HYHU7eppKZj3MyqYuMBf62g==",
			"dev": true,
			"requires": {
				"@nodelib/fs.stat": "2.0.5",
				"run-parallel": "^1.1.9"
			}
		},
		"@nodelib/fs.stat": {
			"version": "2.0.5",
			"resolved": "https://registry.npmjs.org/@nodelib/fs.stat/-/fs.stat-2.0.5.tgz",
			"integrity": "sha512-RkhPPp2zrqDAQA/2jNhnztcPAlv64XdhIp7a7454A5ovI7Bukxgt7MX7udwAu3zg1DcpPU0rz3VV1SeaqvY4+A==",
			"dev": true
		},
		"@nodelib/fs.walk": {
			"version": "1.2.8",
			"resolved": "https://registry.npmjs.org/@nodelib/fs.walk/-/fs.walk-1.2.8.tgz",
			"integrity": "sha512-oGB+UxlgWcgQkgwo8GcEGwemoTFt3FIO9ababBmaGwXIoBKZ+GTy0pP185beGg7Llih/NSHSV2XAs1lnznocSg==",
			"dev": true,
			"requires": {
				"@nodelib/fs.scandir": "2.1.5",
				"fastq": "^1.6.0"
			}
		},
		"@types/codemirror": {
			"version": "0.0.108",
			"resolved": "https://registry.npmjs.org/@types/codemirror/-/codemirror-0.0.108.tgz",
			"integrity": "sha512-3FGFcus0P7C2UOGCNUVENqObEb4SFk+S8Dnxq7K6aIsLVs/vDtlangl3PEO0ykaKXyK56swVF6Nho7VsA44uhw==",
			"dev": true,
			"requires": {
				"@types/tern": "*"
			}
		},
		"@types/diff-match-patch": {
			"version": "1.0.32",
			"resolved": "https://registry.npmjs.org/@types/diff-match-patch/-/diff-match-patch-1.0.32.tgz",
			"integrity": "sha512-bPYT5ECFiblzsVzyURaNhljBH2Gh1t9LowgUwciMrNAhFewLkHT2H0Mto07Y4/3KCOGZHRQll3CTtQZ0X11D/A==",
			"dev": true
		},
		"@types/estree": {
			"version": "1.0.0",
			"resolved": "https://registry.npmjs.org/@types/estree/-/estree-1.0.0.tgz",
			"integrity": "sha512-WulqXMDUTYAXCjZnk6JtIHPigp55cVtDgDrO2gHRwhyJto21+1zbVCtOYB2L1F9w4qCQ0rOGWBnBe0FNTiEJIQ==",
			"dev": true
		},
		"@types/json-schema": {
			"version": "7.0.11",
			"resolved": "https://registry.npmjs.org/@types/json-schema/-/json-schema-7.0.11.tgz",
			"integrity": "sha512-wOuvG1SN4Us4rez+tylwwwCV1psiNVOkJeM3AUWUNWg/jDQY2+HE/444y5gc+jBmRqASOm2Oeh5c1axHobwRKQ==",
			"dev": true
		},
		"@types/luxon": {
			"version": "3.1.0",
			"resolved": "https://registry.npmjs.org/@types/luxon/-/luxon-3.1.0.tgz",
			"integrity": "sha512-gCd/HcCgjqSxfMrgtqxCgYk/22NBQfypwFUG7ZAyG/4pqs51WLTcUzVp1hqTbieDYeHS3WoVEh2Yv/2l+7B0Vg==",
			"dev": true
		},
		"@types/markdown-escape": {
			"version": "1.1.0",
			"resolved": "https://registry.npmjs.org/@types/markdown-escape/-/markdown-escape-1.1.0.tgz",
			"integrity": "sha512-bJZh73L6fSt8MmTON/btR8hiKRipoIoPfLO41lxr6l65QXdG1rwUjR8Hu5xU7XYHBwKHiJZ+sTQ8L2TKkQrBpw==",
			"dev": true
		},
		"@types/mustache": {
			"version": "4.2.2",
			"resolved": "https://registry.npmjs.org/@types/mustache/-/mustache-4.2.2.tgz",
			"integrity": "sha512-MUSpfpW0yZbTgjekDbH0shMYBUD+X/uJJJMm9LXN1d5yjl5lCY1vN/eWKD6D1tOtjA6206K0zcIPnUaFMurdNA==",
			"dev": true
		},
		"@types/node": {
			"version": "16.18.10",
			"resolved": "https://registry.npmjs.org/@types/node/-/node-16.18.10.tgz",
			"integrity": "sha512-XU1+v7h81p7145ddPfjv7jtWvkSilpcnON3mQ+bDi9Yuf7OI56efOglXRyXWgQ57xH3fEQgh7WOJMncRHVew5w==",
			"dev": true
		},
		"@types/tern": {
			"version": "0.23.4",
			"resolved": "https://registry.npmjs.org/@types/tern/-/tern-0.23.4.tgz",
			"integrity": "sha512-JAUw1iXGO1qaWwEOzxTKJZ/5JxVeON9kvGZ/osgZaJImBnyjyn0cjovPsf6FNLmyGY8Vw9DoXZCMlfMkMwHRWg==",
			"dev": true,
			"requires": {
				"@types/estree": "*"
			}
		},
		"@typescript-eslint/eslint-plugin": {
			"version": "5.29.0",
			"resolved": "https://registry.npmjs.org/@typescript-eslint/eslint-plugin/-/eslint-plugin-5.29.0.tgz",
			"integrity": "sha512-kgTsISt9pM53yRFQmLZ4npj99yGl3x3Pl7z4eA66OuTzAGC4bQB5H5fuLwPnqTKU3yyrrg4MIhjF17UYnL4c0w==",
			"dev": true,
			"requires": {
				"@typescript-eslint/scope-manager": "5.29.0",
				"@typescript-eslint/type-utils": "5.29.0",
				"@typescript-eslint/utils": "5.29.0",
				"debug": "^4.3.4",
				"functional-red-black-tree": "^1.0.1",
				"ignore": "^5.2.0",
				"regexpp": "^3.2.0",
				"semver": "^7.3.7",
				"tsutils": "^3.21.0"
			}
		},
		"@typescript-eslint/parser": {
			"version": "5.29.0",
			"resolved": "https://registry.npmjs.org/@typescript-eslint/parser/-/parser-5.29.0.tgz",
			"integrity": "sha512-ruKWTv+x0OOxbzIw9nW5oWlUopvP/IQDjB5ZqmTglLIoDTctLlAJpAQFpNPJP/ZI7hTT9sARBosEfaKbcFuECw==",
			"dev": true,
			"requires": {
				"@typescript-eslint/scope-manager": "5.29.0",
				"@typescript-eslint/types": "5.29.0",
				"@typescript-eslint/typescript-estree": "5.29.0",
				"debug": "^4.3.4"
			}
		},
		"@typescript-eslint/scope-manager": {
			"version": "5.29.0",
			"resolved": "https://registry.npmjs.org/@typescript-eslint/scope-manager/-/scope-manager-5.29.0.tgz",
			"integrity": "sha512-etbXUT0FygFi2ihcxDZjz21LtC+Eps9V2xVx09zFoN44RRHPrkMflidGMI+2dUs821zR1tDS6Oc9IXxIjOUZwA==",
			"dev": true,
			"requires": {
				"@typescript-eslint/types": "5.29.0",
				"@typescript-eslint/visitor-keys": "5.29.0"
			}
		},
		"@typescript-eslint/type-utils": {
			"version": "5.29.0",
			"resolved": "https://registry.npmjs.org/@typescript-eslint/type-utils/-/type-utils-5.29.0.tgz",
			"integrity": "sha512-JK6bAaaiJozbox3K220VRfCzLa9n0ib/J+FHIwnaV3Enw/TO267qe0pM1b1QrrEuy6xun374XEAsRlA86JJnyg==",
			"dev": true,
			"requires": {
				"@typescript-eslint/utils": "5.29.0",
				"debug": "^4.3.4",
				"tsutils": "^3.21.0"
			}
		},
		"@typescript-eslint/types": {
			"version": "5.29.0",
			"resolved": "https://registry.npmjs.org/@typescript-eslint/types/-/types-5.29.0.tgz",
			"integrity": "sha512-X99VbqvAXOMdVyfFmksMy3u8p8yoRGITgU1joBJPzeYa0rhdf5ok9S56/itRoUSh99fiDoMtarSIJXo7H/SnOg==",
			"dev": true
		},
		"@typescript-eslint/typescript-estree": {
			"version": "5.29.0",
			"resolved": "https://registry.npmjs.org/@typescript-eslint/typescript-estree/-/typescript-estree-5.29.0.tgz",
			"integrity": "sha512-mQvSUJ/JjGBdvo+1LwC+GY2XmSYjK1nAaVw2emp/E61wEVYEyibRHCqm1I1vEKbXCpUKuW4G7u9ZCaZhJbLoNQ==",
			"dev": true,
			"requires": {
				"@typescript-eslint/types": "5.29.0",
				"@typescript-eslint/visitor-keys": "5.29.0",
				"debug": "^4.3.4",
				"globby": "^11.1.0",
				"is-glob": "^4.0.3",
				"semver": "^7.3.7",
				"tsutils": "^3.21.0"
			}
		},
		"@typescript-eslint/utils": {
			"version": "5.29.0",
			"resolved": "https://registry.npmjs.org/@typescript-eslint/utils/-/utils-5.29.0.tgz",
			"integrity": "sha512-3Eos6uP1nyLOBayc/VUdKZikV90HahXE5Dx9L5YlSd/7ylQPXhLk1BYb29SDgnBnTp+jmSZUU0QxUiyHgW4p7A==",
			"dev": true,
			"requires": {
				"@types/json-schema": "^7.0.9",
				"@typescript-eslint/scope-manager": "5.29.0",
				"@typescript-eslint/types": "5.29.0",
				"@typescript-eslint/typescript-estree": "5.29.0",
				"eslint-scope": "^5.1.1",
				"eslint-utils": "^3.0.0"
			}
		},
		"@typescript-eslint/visitor-keys": {
			"version": "5.29.0",
			"resolved": "https://registry.npmjs.org/@typescript-eslint/visitor-keys/-/visitor-keys-5.29.0.tgz",
			"integrity": "sha512-Hpb/mCWsjILvikMQoZIE3voc9wtQcS0A9FUw3h8bhr9UxBdtI/tw1ZDZUOXHXLOVMedKCH5NxyzATwnU78bWCQ==",
			"dev": true,
			"requires": {
				"@typescript-eslint/types": "5.29.0",
				"eslint-visitor-keys": "^3.3.0"
			}
		},
		"array-union": {
			"version": "2.1.0",
			"resolved": "https://registry.npmjs.org/array-union/-/array-union-2.1.0.tgz",
			"integrity": "sha512-HGyxoOTYUyCM6stUe6EJgnd4EoewAI7zMdfqO+kGjnlZmBDz/cR5pf8r/cR4Wq60sL/p0IkcjUEEPwS3GFrIyw==",
			"dev": true
		},
		"braces": {
			"version": "3.0.2",
			"resolved": "https://registry.npmjs.org/braces/-/braces-3.0.2.tgz",
			"integrity": "sha512-b8um+L1RzM3WDSzvhm6gIz1yfTbBt6YTlcEKAvsmqCZZFw46z626lVj9j1yEPW33H5H+lBQpZMP1k8l+78Ha0A==",
			"dev": true,
			"requires": {
				"fill-range": "^7.0.1"
			}
		},
		"builtin-modules": {
			"version": "3.3.0",
			"resolved": "https://registry.npmjs.org/builtin-modules/-/builtin-modules-3.3.0.tgz",
			"integrity": "sha512-zhaCDicdLuWN5UbN5IMnFqNMhNfo919sH85y2/ea+5Yg9TsTkeZxpL+JLbp6cgYFS4sRLp3YV4S6yDuqVWHYOw==",
			"dev": true
		},
		"debug": {
			"version": "4.3.4",
			"resolved": "https://registry.npmjs.org/debug/-/debug-4.3.4.tgz",
			"integrity": "sha512-PRWFHuSU3eDtQJPvnNY7Jcket1j0t5OuOsFzPPzsekD52Zl8qUfFIPEiswXqIvHWGVHOgX+7G/vCNNhehwxfkQ==",
			"dev": true,
			"requires": {
				"ms": "2.1.2"
			}
		},
		"diff-match-patch": {
			"version": "1.0.5",
			"resolved": "https://registry.npmjs.org/diff-match-patch/-/diff-match-patch-1.0.5.tgz",
			"integrity": "sha512-IayShXAgj/QMXgB0IWmKx+rOPuGMhqm5w6jvFxmVenXKIzRqTAAsbBPT3kWQeGANj3jGgvcvv4yK6SxqYmikgw=="
		},
		"dir-glob": {
			"version": "3.0.1",
			"resolved": "https://registry.npmjs.org/dir-glob/-/dir-glob-3.0.1.tgz",
			"integrity": "sha512-WkrWp9GR4KXfKGYzOLmTuGVi1UWFfws377n9cc55/tb6DuqyF6pcQ5AbiHEshaDpY9v6oaSr2XCDidGmMwdzIA==",
			"dev": true,
			"requires": {
				"path-type": "^4.0.0"
			}
		},
		"esbuild": {
			"version": "0.14.47",
			"resolved": "https://registry.npmjs.org/esbuild/-/esbuild-0.14.47.tgz",
			"integrity": "sha512-wI4ZiIfFxpkuxB8ju4MHrGwGLyp1+awEHAHVpx6w7a+1pmYIq8T9FGEVVwFo0iFierDoMj++Xq69GXWYn2EiwA==",
			"dev": true,
			"requires": {
				"esbuild-android-64": "0.14.47",
				"esbuild-android-arm64": "0.14.47",
				"esbuild-darwin-64": "0.14.47",
				"esbuild-darwin-arm64": "0.14.47",
				"esbuild-freebsd-64": "0.14.47",
				"esbuild-freebsd-arm64": "0.14.47",
				"esbuild-linux-32": "0.14.47",
				"esbuild-linux-64": "0.14.47",
				"esbuild-linux-arm": "0.14.47",
				"esbuild-linux-arm64": "0.14.47",
				"esbuild-linux-mips64le": "0.14.47",
				"esbuild-linux-ppc64le": "0.14.47",
				"esbuild-linux-riscv64": "0.14.47",
				"esbuild-linux-s390x": "0.14.47",
				"esbuild-netbsd-64": "0.14.47",
				"esbuild-openbsd-64": "0.14.47",
				"esbuild-sunos-64": "0.14.47",
				"esbuild-windows-32": "0.14.47",
				"esbuild-windows-64": "0.14.47",
				"esbuild-windows-arm64": "0.14.47"
			}
		},
		"esbuild-android-64": {
			"version": "0.14.47",
			"resolved": "https://registry.npmjs.org/esbuild-android-64/-/esbuild-android-64-0.14.47.tgz",
			"integrity": "sha512-R13Bd9+tqLVFndncMHssZrPWe6/0Kpv2/dt4aA69soX4PRxlzsVpCvoJeFE8sOEoeVEiBkI0myjlkDodXlHa0g==",
			"dev": true,
			"optional": true
		},
		"esbuild-android-arm64": {
			"version": "0.14.47",
			"resolved": "https://registry.npmjs.org/esbuild-android-arm64/-/esbuild-android-arm64-0.14.47.tgz",
			"integrity": "sha512-OkwOjj7ts4lBp/TL6hdd8HftIzOy/pdtbrNA4+0oVWgGG64HrdVzAF5gxtJufAPOsEjkyh1oIYvKAUinKKQRSQ==",
			"dev": true,
			"optional": true
		},
		"esbuild-darwin-64": {
			"version": "0.14.47",
			"resolved": "https://registry.npmjs.org/esbuild-darwin-64/-/esbuild-darwin-64-0.14.47.tgz",
			"integrity": "sha512-R6oaW0y5/u6Eccti/TS6c/2c1xYTb1izwK3gajJwi4vIfNs1s8B1dQzI1UiC9T61YovOQVuePDcfqHLT3mUZJA==",
			"dev": true,
			"optional": true
		},
		"esbuild-darwin-arm64": {
			"version": "0.14.47",
			"resolved": "https://registry.npmjs.org/esbuild-darwin-arm64/-/esbuild-darwin-arm64-0.14.47.tgz",
			"integrity": "sha512-seCmearlQyvdvM/noz1L9+qblC5vcBrhUaOoLEDDoLInF/VQ9IkobGiLlyTPYP5dW1YD4LXhtBgOyevoIHGGnw==",
			"dev": true,
			"optional": true
		},
		"esbuild-freebsd-64": {
			"version": "0.14.47",
			"resolved": "https://registry.npmjs.org/esbuild-freebsd-64/-/esbuild-freebsd-64-0.14.47.tgz",
			"integrity": "sha512-ZH8K2Q8/Ux5kXXvQMDsJcxvkIwut69KVrYQhza/ptkW50DC089bCVrJZZ3sKzIoOx+YPTrmsZvqeZERjyYrlvQ==",
			"dev": true,
			"optional": true
		},
		"esbuild-freebsd-arm64": {
			"version": "0.14.47",
			"resolved": "https://registry.npmjs.org/esbuild-freebsd-arm64/-/esbuild-freebsd-arm64-0.14.47.tgz",
			"integrity": "sha512-ZJMQAJQsIOhn3XTm7MPQfCzEu5b9STNC+s90zMWe2afy9EwnHV7Ov7ohEMv2lyWlc2pjqLW8QJnz2r0KZmeAEQ==",
			"dev": true,
			"optional": true
		},
		"esbuild-linux-32": {
			"version": "0.14.47",
			"resolved": "https://registry.npmjs.org/esbuild-linux-32/-/esbuild-linux-32-0.14.47.tgz",
			"integrity": "sha512-FxZOCKoEDPRYvq300lsWCTv1kcHgiiZfNrPtEhFAiqD7QZaXrad8LxyJ8fXGcWzIFzRiYZVtB3ttvITBvAFhKw==",
			"dev": true,
			"optional": true
		},
		"esbuild-linux-64": {
			"version": "0.14.47",
			"resolved": "https://registry.npmjs.org/esbuild-linux-64/-/esbuild-linux-64-0.14.47.tgz",
			"integrity": "sha512-nFNOk9vWVfvWYF9YNYksZptgQAdstnDCMtR6m42l5Wfugbzu11VpMCY9XrD4yFxvPo9zmzcoUL/88y0lfJZJJw==",
			"dev": true,
			"optional": true
		},
		"esbuild-linux-arm": {
			"version": "0.14.47",
			"resolved": "https://registry.npmjs.org/esbuild-linux-arm/-/esbuild-linux-arm-0.14.47.tgz",
			"integrity": "sha512-ZGE1Bqg/gPRXrBpgpvH81tQHpiaGxa8c9Rx/XOylkIl2ypLuOcawXEAo8ls+5DFCcRGt/o3sV+PzpAFZobOsmA==",
			"dev": true,
			"optional": true
		},
		"esbuild-linux-arm64": {
			"version": "0.14.47",
			"resolved": "https://registry.npmjs.org/esbuild-linux-arm64/-/esbuild-linux-arm64-0.14.47.tgz",
			"integrity": "sha512-ywfme6HVrhWcevzmsufjd4iT3PxTfCX9HOdxA7Hd+/ZM23Y9nXeb+vG6AyA6jgq/JovkcqRHcL9XwRNpWG6XRw==",
			"dev": true,
			"optional": true
		},
		"esbuild-linux-mips64le": {
			"version": "0.14.47",
			"resolved": "https://registry.npmjs.org/esbuild-linux-mips64le/-/esbuild-linux-mips64le-0.14.47.tgz",
			"integrity": "sha512-mg3D8YndZ1LvUiEdDYR3OsmeyAew4MA/dvaEJxvyygahWmpv1SlEEnhEZlhPokjsUMfRagzsEF/d/2XF+kTQGg==",
			"dev": true,
			"optional": true
		},
		"esbuild-linux-ppc64le": {
			"version": "0.14.47",
			"resolved": "https://registry.npmjs.org/esbuild-linux-ppc64le/-/esbuild-linux-ppc64le-0.14.47.tgz",
			"integrity": "sha512-WER+f3+szmnZiWoK6AsrTKGoJoErG2LlauSmk73LEZFQ/iWC+KhhDsOkn1xBUpzXWsxN9THmQFltLoaFEH8F8w==",
			"dev": true,
			"optional": true
		},
		"esbuild-linux-riscv64": {
			"version": "0.14.47",
			"resolved": "https://registry.npmjs.org/esbuild-linux-riscv64/-/esbuild-linux-riscv64-0.14.47.tgz",
			"integrity": "sha512-1fI6bP3A3rvI9BsaaXbMoaOjLE3lVkJtLxsgLHqlBhLlBVY7UqffWBvkrX/9zfPhhVMd9ZRFiaqXnB1T7BsL2g==",
			"dev": true,
			"optional": true
		},
		"esbuild-linux-s390x": {
			"version": "0.14.47",
			"resolved": "https://registry.npmjs.org/esbuild-linux-s390x/-/esbuild-linux-s390x-0.14.47.tgz",
			"integrity": "sha512-eZrWzy0xFAhki1CWRGnhsHVz7IlSKX6yT2tj2Eg8lhAwlRE5E96Hsb0M1mPSE1dHGpt1QVwwVivXIAacF/G6mw==",
			"dev": true,
			"optional": true
		},
		"esbuild-netbsd-64": {
			"version": "0.14.47",
			"resolved": "https://registry.npmjs.org/esbuild-netbsd-64/-/esbuild-netbsd-64-0.14.47.tgz",
			"integrity": "sha512-Qjdjr+KQQVH5Q2Q1r6HBYswFTToPpss3gqCiSw2Fpq/ua8+eXSQyAMG+UvULPqXceOwpnPo4smyZyHdlkcPppQ==",
			"dev": true,
			"optional": true
		},
		"esbuild-openbsd-64": {
			"version": "0.14.47",
			"resolved": "https://registry.npmjs.org/esbuild-openbsd-64/-/esbuild-openbsd-64-0.14.47.tgz",
			"integrity": "sha512-QpgN8ofL7B9z8g5zZqJE+eFvD1LehRlxr25PBkjyyasakm4599iroUpaj96rdqRlO2ShuyqwJdr+oNqWwTUmQw==",
			"dev": true,
			"optional": true
		},
		"esbuild-sunos-64": {
			"version": "0.14.47",
			"resolved": "https://registry.npmjs.org/esbuild-sunos-64/-/esbuild-sunos-64-0.14.47.tgz",
			"integrity": "sha512-uOeSgLUwukLioAJOiGYm3kNl+1wJjgJA8R671GYgcPgCx7QR73zfvYqXFFcIO93/nBdIbt5hd8RItqbbf3HtAQ==",
			"dev": true,
			"optional": true
		},
		"esbuild-windows-32": {
			"version": "0.14.47",
			"resolved": "https://registry.npmjs.org/esbuild-windows-32/-/esbuild-windows-32-0.14.47.tgz",
			"integrity": "sha512-H0fWsLTp2WBfKLBgwYT4OTfFly4Im/8B5f3ojDv1Kx//kiubVY0IQunP2Koc/fr/0wI7hj3IiBDbSrmKlrNgLQ==",
			"dev": true,
			"optional": true
		},
		"esbuild-windows-64": {
			"version": "0.14.47",
			"resolved": "https://registry.npmjs.org/esbuild-windows-64/-/esbuild-windows-64-0.14.47.tgz",
			"integrity": "sha512-/Pk5jIEH34T68r8PweKRi77W49KwanZ8X6lr3vDAtOlH5EumPE4pBHqkCUdELanvsT14yMXLQ/C/8XPi1pAtkQ==",
			"dev": true,
			"optional": true
		},
		"esbuild-windows-arm64": {
			"version": "0.14.47",
			"resolved": "https://registry.npmjs.org/esbuild-windows-arm64/-/esbuild-windows-arm64-0.14.47.tgz",
			"integrity": "sha512-HFSW2lnp62fl86/qPQlqw6asIwCnEsEoNIL1h2uVMgakddf+vUuMcCbtUY1i8sst7KkgHrVKCJQB33YhhOweCQ==",
			"dev": true,
			"optional": true
		},
		"eslint-scope": {
			"version": "5.1.1",
			"resolved": "https://registry.npmjs.org/eslint-scope/-/eslint-scope-5.1.1.tgz",
			"integrity": "sha512-2NxwbF/hZ0KpepYN0cNbo+FN6XoK7GaHlQhgx/hIZl6Va0bF45RQOOwhLIy8lQDbuCiadSLCBnH2CFYquit5bw==",
			"dev": true,
			"requires": {
				"esrecurse": "^4.3.0",
				"estraverse": "^4.1.1"
			}
		},
		"eslint-utils": {
			"version": "3.0.0",
			"resolved": "https://registry.npmjs.org/eslint-utils/-/eslint-utils-3.0.0.tgz",
			"integrity": "sha512-uuQC43IGctw68pJA1RgbQS8/NP7rch6Cwd4j3ZBtgo4/8Flj4eGE7ZYSZRN3iq5pVUv6GPdW5Z1RFleo84uLDA==",
			"dev": true,
			"requires": {
				"eslint-visitor-keys": "^2.0.0"
			},
			"dependencies": {
				"eslint-visitor-keys": {
					"version": "2.1.0",
					"resolved": "https://registry.npmjs.org/eslint-visitor-keys/-/eslint-visitor-keys-2.1.0.tgz",
					"integrity": "sha512-0rSmRBzXgDzIsD6mGdJgevzgezI534Cer5L/vyMX0kHzT/jiB43jRhd9YUlMGYLQy2zprNmoT8qasCGtY+QaKw==",
					"dev": true
				}
			}
		},
		"eslint-visitor-keys": {
			"version": "3.3.0",
			"resolved": "https://registry.npmjs.org/eslint-visitor-keys/-/eslint-visitor-keys-3.3.0.tgz",
			"integrity": "sha512-mQ+suqKJVyeuwGYHAdjMFqjCyfl8+Ldnxuyp3ldiMBFKkvytrXUZWaiPCEav8qDHKty44bD+qV1IP4T+w+xXRA==",
			"dev": true
		},
		"esrecurse": {
			"version": "4.3.0",
			"resolved": "https://registry.npmjs.org/esrecurse/-/esrecurse-4.3.0.tgz",
			"integrity": "sha512-KmfKL3b6G+RXvP8N1vr3Tq1kL/oCFgn2NYXEtqP8/L3pKapUA4G8cFVaoF3SU323CD4XypR/ffioHmkti6/Tag==",
			"dev": true,
			"requires": {
				"estraverse": "^5.2.0"
			},
			"dependencies": {
				"estraverse": {
					"version": "5.3.0",
					"resolved": "https://registry.npmjs.org/estraverse/-/estraverse-5.3.0.tgz",
					"integrity": "sha512-MMdARuVEQziNTeJD8DgMqmhwR11BRQ/cBP+pLtYdSTnf3MIO8fFeiINEbX36ZdNlfU/7A9f3gUw49B3oQsvwBA==",
					"dev": true
				}
			}
		},
		"estraverse": {
			"version": "4.3.0",
			"resolved": "https://registry.npmjs.org/estraverse/-/estraverse-4.3.0.tgz",
			"integrity": "sha512-39nnKffWz8xN1BU/2c79n9nB9HDzo0niYUqx6xyqUnyoAnQyyWpOTdZEeiCch8BBu515t4wp9ZmgVfVhn9EBpw==",
			"dev": true
		},
		"fast-glob": {
			"version": "3.2.12",
			"resolved": "https://registry.npmjs.org/fast-glob/-/fast-glob-3.2.12.tgz",
			"integrity": "sha512-DVj4CQIYYow0BlaelwK1pHl5n5cRSJfM60UA0zK891sVInoPri2Ekj7+e1CT3/3qxXenpI+nBBmQAcJPJgaj4w==",
			"dev": true,
			"requires": {
				"@nodelib/fs.stat": "^2.0.2",
				"@nodelib/fs.walk": "^1.2.3",
				"glob-parent": "^5.1.2",
				"merge2": "^1.3.0",
				"micromatch": "^4.0.4"
			}
		},
		"fastq": {
			"version": "1.14.0",
			"resolved": "https://registry.npmjs.org/fastq/-/fastq-1.14.0.tgz",
			"integrity": "sha512-eR2D+V9/ExcbF9ls441yIuN6TI2ED1Y2ZcA5BmMtJsOkWOFRJQ0Jt0g1UwqXJJVAb+V+umH5Dfr8oh4EVP7VVg==",
			"dev": true,
			"requires": {
				"reusify": "^1.0.4"
			}
		},
		"fill-range": {
			"version": "7.0.1",
			"resolved": "https://registry.npmjs.org/fill-range/-/fill-range-7.0.1.tgz",
			"integrity": "sha512-qOo9F+dMUmC2Lcb4BbVvnKJxTPjCm+RRpe4gDuGrzkL7mEVl/djYSu2OdQ2Pa302N4oqkSg9ir6jaLWJ2USVpQ==",
			"dev": true,
			"requires": {
				"to-regex-range": "^5.0.1"
			}
		},
		"functional-red-black-tree": {
			"version": "1.0.1",
			"resolved": "https://registry.npmjs.org/functional-red-black-tree/-/functional-red-black-tree-1.0.1.tgz",
			"integrity": "sha512-dsKNQNdj6xA3T+QlADDA7mOSlX0qiMINjn0cgr+eGHGsbSHzTabcIogz2+p/iqP1Xs6EP/sS2SbqH+brGTbq0g==",
			"dev": true
		},
		"glob-parent": {
			"version": "5.1.2",
			"resolved": "https://registry.npmjs.org/glob-parent/-/glob-parent-5.1.2.tgz",
			"integrity": "sha512-AOIgSQCepiJYwP3ARnGx+5VnTu2HBYdzbGP45eLw1vr3zB3vZLeyed1sC9hnbcOc9/SrMyM5RPQrkGz4aS9Zow==",
			"dev": true,
			"requires": {
				"is-glob": "^4.0.1"
			}
		},
		"globby": {
			"version": "11.1.0",
			"resolved": "https://registry.npmjs.org/globby/-/globby-11.1.0.tgz",
			"integrity": "sha512-jhIXaOzy1sb8IyocaruWSn1TjmnBVs8Ayhcy83rmxNJ8q2uWKCAj3CnJY+KpGSXCueAPc0i05kVvVKtP1t9S3g==",
			"dev": true,
			"requires": {
				"array-union": "^2.1.0",
				"dir-glob": "^3.0.1",
				"fast-glob": "^3.2.9",
				"ignore": "^5.2.0",
				"merge2": "^1.4.1",
				"slash": "^3.0.0"
			}
		},
		"ignore": {
			"version": "5.2.4",
			"resolved": "https://registry.npmjs.org/ignore/-/ignore-5.2.4.tgz",
			"integrity": "sha512-MAb38BcSbH0eHNBxn7ql2NH/kX33OkB3lZ1BNdh7ENeRChHTYsTvWrMubiIAMNS2llXEEgZ1MUOBtXChP3kaFQ==",
			"dev": true
		},
		"is-extglob": {
			"version": "2.1.1",
			"resolved": "https://registry.npmjs.org/is-extglob/-/is-extglob-2.1.1.tgz",
			"integrity": "sha512-SbKbANkN603Vi4jEZv49LeVJMn4yGwsbzZworEoyEiutsN3nJYdbO36zfhGJ6QEDpOZIFkDtnq5JRxmvl3jsoQ==",
			"dev": true
		},
		"is-glob": {
			"version": "4.0.3",
			"resolved": "https://registry.npmjs.org/is-glob/-/is-glob-4.0.3.tgz",
			"integrity": "sha512-xelSayHH36ZgE7ZWhli7pW34hNbNl8Ojv5KVmkJD4hBdD3th8Tfk9vYasLM+mXWOZhFkgZfxhLSnrwRr4elSSg==",
			"dev": true,
			"requires": {
				"is-extglob": "^2.1.1"
			}
		},
		"is-number": {
			"version": "7.0.0",
			"resolved": "https://registry.npmjs.org/is-number/-/is-number-7.0.0.tgz",
			"integrity": "sha512-41Cifkg6e8TylSpdtTpeLVMqvSBEVzTttHvERD741+pnZ8ANv0004MRL43QKPDlK9cGvNp6NZWZUBlbGXYxxng==",
			"dev": true
		},
		"lru-cache": {
			"version": "6.0.0",
			"resolved": "https://registry.npmjs.org/lru-cache/-/lru-cache-6.0.0.tgz",
			"integrity": "sha512-Jo6dJ04CmSjuznwJSS3pUeWmd/H0ffTlkXXgwZi+eq1UCmqQwCh+eLsYOYCwY991i2Fah4h1BEMCx4qThGbsiA==",
			"dev": true,
			"requires": {
				"yallist": "^4.0.0"
			}
		},
		"luxon": {
			"version": "3.1.1",
			"resolved": "https://registry.npmjs.org/luxon/-/luxon-3.1.1.tgz",
			"integrity": "sha512-Ah6DloGmvseB/pX1cAmjbFvyU/pKuwQMQqz7d0yvuDlVYLTs2WeDHQMpC8tGjm1da+BriHROW/OEIT/KfYg6xw=="
		},
		"markdown-escape": {
			"version": "2.0.0",
			"resolved": "https://registry.npmjs.org/markdown-escape/-/markdown-escape-2.0.0.tgz",
			"integrity": "sha512-Trz4v0+XWlwy68LJIyw3bLbsJiC8XAbRCKF9DbEtZjyndKOGVx6n+wNB0VfoRmY2LKboQLeniap3xrb6LGSJ8A=="
		},
		"merge2": {
			"version": "1.4.1",
			"resolved": "https://registry.npmjs.org/merge2/-/merge2-1.4.1.tgz",
			"integrity": "sha512-8q7VEgMJW4J8tcfVPy8g09NcQwZdbwFEqhe/WZkoIzjn/3TGDwtOCYtXGxA3O8tPzpczCCDgv+P2P5y00ZJOOg==",
			"dev": true
		},
		"micromatch": {
			"version": "4.0.5",
			"resolved": "https://registry.npmjs.org/micromatch/-/micromatch-4.0.5.tgz",
			"integrity": "sha512-DMy+ERcEW2q8Z2Po+WNXuw3c5YaUSFjAO5GsJqfEl7UjvtIuFKO6ZrKvcItdy98dwFI2N1tg3zNIdKaQT+aNdA==",
			"dev": true,
			"requires": {
				"braces": "^3.0.2",
				"picomatch": "^2.3.1"
			}
		},
		"moment": {
			"version": "2.29.4",
			"resolved": "https://registry.npmjs.org/moment/-/moment-2.29.4.tgz",
			"integrity": "sha512-5LC9SOxjSc2HF6vO2CyuTDNivEdoz2IvyJJGj6X8DJ0eFyfszE0QiEd+iXmBvUP3WHxSjFH/vIsA0EN00cgr8w==",
			"dev": true
		},
		"ms": {
			"version": "2.1.2",
			"resolved": "https://registry.npmjs.org/ms/-/ms-2.1.2.tgz",
			"integrity": "sha512-sGkPx+VjMtmA6MX27oA4FBFELFCZZ4S4XqeGOXCv68tT+jb3vk/RyaKWP0PTKyWtmLSM0b+adUTEvbs1PEaH2w==",
			"dev": true
		},
		"mustache": {
			"version": "4.2.0",
			"resolved": "https://registry.npmjs.org/mustache/-/mustache-4.2.0.tgz",
			"integrity": "sha512-71ippSywq5Yb7/tVYyGbkBggbU8H3u5Rz56fH60jGFgr8uHwxs+aSKeqmluIVzM0m0kB7xQjKS6qPfd0b2ZoqQ=="
		},
		"obsidian": {
			"version": "1.1.1",
			"resolved": "https://registry.npmjs.org/obsidian/-/obsidian-1.1.1.tgz",
			"integrity": "sha512-GcxhsHNkPEkwHEjeyitfYNBcQuYGeAHFs1pEpZIv0CnzSfui8p8bPLm2YKLgcg20B764770B1sYGtxCvk9ptxg==",
			"dev": true,
			"requires": {
				"@types/codemirror": "0.0.108",
				"moment": "2.29.4"
			}
		},
		"path-type": {
			"version": "4.0.0",
			"resolved": "https://registry.npmjs.org/path-type/-/path-type-4.0.0.tgz",
			"integrity": "sha512-gDKb8aZMDeD/tZWs9P6+q0J9Mwkdl6xMV8TjnGP3qJVJ06bdMgkbBlLU8IdfOsIsFz2BW1rNVT3XuNEl8zPAvw==",
			"dev": true
		},
		"picomatch": {
			"version": "2.3.1",
			"resolved": "https://registry.npmjs.org/picomatch/-/picomatch-2.3.1.tgz",
			"integrity": "sha512-JU3teHTNjmE2VCGFzuY8EXzCDVwEqB2a8fsIvwaStHhAWJEeVd1o1QD80CU6+ZdEXXSLbSsuLwJjkCBWqRQUVA==",
			"dev": true
		},
		"queue-microtask": {
			"version": "1.2.3",
			"resolved": "https://registry.npmjs.org/queue-microtask/-/queue-microtask-1.2.3.tgz",
			"integrity": "sha512-NuaNSa6flKT5JaSYQzJok04JzTL1CA6aGhv5rfLW3PgqA+M2ChpZQnAC8h8i4ZFkBS8X5RqkDBHA7r4hej3K9A==",
			"dev": true
		},
		"regexpp": {
			"version": "3.2.0",
			"resolved": "https://registry.npmjs.org/regexpp/-/regexpp-3.2.0.tgz",
			"integrity": "sha512-pq2bWo9mVD43nbts2wGv17XLiNLya+GklZ8kaDLV2Z08gDCsGpnKn9BFMepvWuHCbyVvY7J5o5+BVvoQbmlJLg==",
			"dev": true
		},
		"reusify": {
			"version": "1.0.4",
			"resolved": "https://registry.npmjs.org/reusify/-/reusify-1.0.4.tgz",
			"integrity": "sha512-U9nH88a3fc/ekCF1l0/UP1IosiuIjyTh7hBvXVMHYgVcfGvt897Xguj2UOLDeI5BG2m7/uwyaLVT6fbtCwTyzw==",
			"dev": true
		},
		"run-parallel": {
			"version": "1.2.0",
			"resolved": "https://registry.npmjs.org/run-parallel/-/run-parallel-1.2.0.tgz",
			"integrity": "sha512-5l4VyZR86LZ/lDxZTR6jqL8AFE2S0IFLMP26AbjsLVADxHdhB/c0GUsH+y39UfCi3dzz8OlQuPmnaJOMoDHQBA==",
			"dev": true,
			"requires": {
				"queue-microtask": "^1.2.2"
			}
		},
		"semver": {
			"version": "7.3.8",
			"resolved": "https://registry.npmjs.org/semver/-/semver-7.3.8.tgz",
			"integrity": "sha512-NB1ctGL5rlHrPJtFDVIVzTyQylMLu9N9VICA6HSFJo8MCGVTMW6gfpicwKmmK/dAjTOrqu5l63JJOpDSrAis3A==",
			"dev": true,
			"requires": {
				"lru-cache": "^6.0.0"
			}
		},
		"slash": {
			"version": "3.0.0",
			"resolved": "https://registry.npmjs.org/slash/-/slash-3.0.0.tgz",
			"integrity": "sha512-g9Q1haeby36OSStwb4ntCGGGaKsaVSjQ68fBxoQcutl5fS1vuY18H3wSt3jFyFtrkx+Kz0V1G85A4MyAdDMi2Q==",
			"dev": true
		},
		"to-regex-range": {
			"version": "5.0.1",
			"resolved": "https://registry.npmjs.org/to-regex-range/-/to-regex-range-5.0.1.tgz",
			"integrity": "sha512-65P7iz6X5yEr1cwcgvQxbbIw7Uk3gOy5dIdtZ4rDveLqhrdJP+Li/Hx6tyK0NEb+2GCyneCMJiGqrADCSNk8sQ==",
			"dev": true,
			"requires": {
				"is-number": "^7.0.0"
			}
		},
		"tslib": {
			"version": "2.4.0",
			"resolved": "https://registry.npmjs.org/tslib/-/tslib-2.4.0.tgz",
			"integrity": "sha512-d6xOpEDfsi2CZVlPQzGeux8XMwLT9hssAsaPYExaQMuYskwb+x1x7J371tWlbBdWHroy99KnVB6qIkUbs5X3UQ==",
			"dev": true
		},
		"tsutils": {
			"version": "3.21.0",
			"resolved": "https://registry.npmjs.org/tsutils/-/tsutils-3.21.0.tgz",
			"integrity": "sha512-mHKK3iUXL+3UF6xL5k0PEhKRUBKPBCv/+RkEOpjRWxxx27KKRBmmA60A9pgOUvMi8GKhRMPEmjBRPzs2W7O1OA==",
			"dev": true,
			"requires": {
				"tslib": "^1.8.1"
			},
			"dependencies": {
				"tslib": {
					"version": "1.14.1",
					"resolved": "https://registry.npmjs.org/tslib/-/tslib-1.14.1.tgz",
					"integrity": "sha512-Xni35NKzjgMrwevysHTCArtLDpPvye8zV/0E4EyYn43P7/7qvQwPh9BGkHewbMulVntbigmcT7rdX3BNo9wRJg==",
					"dev": true
				}
			}
		},
		"typescript": {
			"version": "4.7.4",
			"resolved": "https://registry.npmjs.org/typescript/-/typescript-4.7.4.tgz",
			"integrity": "sha512-C0WQT0gezHuw6AdY1M2jxUO83Rjf0HP7Sk1DtXj6j1EwkQNZrHAg2XPWlq62oqEhYvONq5pkC2Y9oPljWToLmQ==",
			"dev": true
		},
		"yallist": {
			"version": "4.0.0",
			"resolved": "https://registry.npmjs.org/yallist/-/yallist-4.0.0.tgz",
			"integrity": "sha512-3wdGidZyq5PB084XLES5TpOSRA3wjXAlIWMhum2kRcv/41Sn2emQ0dycQW4uZXLejwKvg6EsvbdlVL+FYEct7A==",
			"dev": true
		}
	}
}
